// !$*UTF8*$!
{
	archiveVersion = 1;
	classes = {
	};
	objectVersion = 55;
	objects = {

/* Begin PBXBuildFile section */
		AC53B4E62848AEED0021EEEC /* DataSource.swift in Sources */ = {isa = PBXBuildFile; fileRef = AC53B4E52848AEED0021EEEC /* DataSource.swift */; };
		AC5A7351281B5C4C005A2A6A /* AppDelegate.swift in Sources */ = {isa = PBXBuildFile; fileRef = AC5A7350281B5C4C005A2A6A /* AppDelegate.swift */; };
		AC5A7353281B5C4C005A2A6A /* SceneDelegate.swift in Sources */ = {isa = PBXBuildFile; fileRef = AC5A7352281B5C4C005A2A6A /* SceneDelegate.swift */; };
		AC5A7355281B5C4C005A2A6A /* ViewController.swift in Sources */ = {isa = PBXBuildFile; fileRef = AC5A7354281B5C4C005A2A6A /* ViewController.swift */; };
		AC5A7358281B5C4C005A2A6A /* Main.storyboard in Resources */ = {isa = PBXBuildFile; fileRef = AC5A7356281B5C4C005A2A6A /* Main.storyboard */; };
		AC5A735A281B5C4D005A2A6A /* Assets.xcassets in Resources */ = {isa = PBXBuildFile; fileRef = AC5A7359281B5C4D005A2A6A /* Assets.xcassets */; };
		AC5A735D281B5C4D005A2A6A /* LaunchScreen.storyboard in Resources */ = {isa = PBXBuildFile; fileRef = AC5A735B281B5C4D005A2A6A /* LaunchScreen.storyboard */; };
		AC5A7368281B5C4D005A2A6A /* WeatherTests.swift in Sources */ = {isa = PBXBuildFile; fileRef = AC5A7367281B5C4D005A2A6A /* WeatherTests.swift */; };
		AC5A7372281B5C4D005A2A6A /* WeatherUITests.swift in Sources */ = {isa = PBXBuildFile; fileRef = AC5A7371281B5C4D005A2A6A /* WeatherUITests.swift */; };
		AC5A7374281B5C4D005A2A6A /* WeatherUITestsLaunchTests.swift in Sources */ = {isa = PBXBuildFile; fileRef = AC5A7373281B5C4D005A2A6A /* WeatherUITestsLaunchTests.swift */; };
		AC5A7381281B6845005A2A6A /* DataModels.swift in Sources */ = {isa = PBXBuildFile; fileRef = AC5A7380281B6845005A2A6A /* DataModels.swift */; };
/* End PBXBuildFile section */

/* Begin PBXContainerItemProxy section */
		AC5A7364281B5C4D005A2A6A /* PBXContainerItemProxy */ = {
			isa = PBXContainerItemProxy;
			containerPortal = AC5A7345281B5C4C005A2A6A /* Project object */;
			proxyType = 1;
			remoteGlobalIDString = AC5A734C281B5C4C005A2A6A;
			remoteInfo = Weather;
		};
		AC5A736E281B5C4D005A2A6A /* PBXContainerItemProxy */ = {
			isa = PBXContainerItemProxy;
			containerPortal = AC5A7345281B5C4C005A2A6A /* Project object */;
			proxyType = 1;
			remoteGlobalIDString = AC5A734C281B5C4C005A2A6A;
			remoteInfo = Weather;
		};
/* End PBXContainerItemProxy section */

/* Begin PBXFileReference section */
		AC53B4E52848AEED0021EEEC /* DataSource.swift */ = {isa = PBXFileReference; fileEncoding = 4; lastKnownFileType = sourcecode.swift; name = DataSource.swift; path = ../../Resources/DataSource.swift; sourceTree = "<group>"; };
		AC5A734D281B5C4C005A2A6A /* Weather.app */ = {isa = PBXFileReference; explicitFileType = wrapper.application; includeInIndex = 0; path = Weather.app; sourceTree = BUILT_PRODUCTS_DIR; };
		AC5A7350281B5C4C005A2A6A /* AppDelegate.swift */ = {isa = PBXFileReference; lastKnownFileType = sourcecode.swift; path = AppDelegate.swift; sourceTree = "<group>"; };
		AC5A7352281B5C4C005A2A6A /* SceneDelegate.swift */ = {isa = PBXFileReference; lastKnownFileType = sourcecode.swift; path = SceneDelegate.swift; sourceTree = "<group>"; };
		AC5A7354281B5C4C005A2A6A /* ViewController.swift */ = {isa = PBXFileReference; lastKnownFileType = sourcecode.swift; path = ViewController.swift; sourceTree = "<group>"; };
		AC5A7357281B5C4C005A2A6A /* Base */ = {isa = PBXFileReference; lastKnownFileType = file.storyboard; name = Base; path = Base.lproj/Main.storyboard; sourceTree = "<group>"; };
		AC5A7359281B5C4D005A2A6A /* Assets.xcassets */ = {isa = PBXFileReference; lastKnownFileType = folder.assetcatalog; path = Assets.xcassets; sourceTree = "<group>"; };
		AC5A735C281B5C4D005A2A6A /* Base */ = {isa = PBXFileReference; lastKnownFileType = file.storyboard; name = Base; path = Base.lproj/LaunchScreen.storyboard; sourceTree = "<group>"; };
		AC5A735E281B5C4D005A2A6A /* Info.plist */ = {isa = PBXFileReference; lastKnownFileType = text.plist.xml; path = Info.plist; sourceTree = "<group>"; };
		AC5A7363281B5C4D005A2A6A /* WeatherTests.xctest */ = {isa = PBXFileReference; explicitFileType = wrapper.cfbundle; includeInIndex = 0; path = WeatherTests.xctest; sourceTree = BUILT_PRODUCTS_DIR; };
		AC5A7367281B5C4D005A2A6A /* WeatherTests.swift */ = {isa = PBXFileReference; lastKnownFileType = sourcecode.swift; path = WeatherTests.swift; sourceTree = "<group>"; };
		AC5A736D281B5C4D005A2A6A /* WeatherUITests.xctest */ = {isa = PBXFileReference; explicitFileType = wrapper.cfbundle; includeInIndex = 0; path = WeatherUITests.xctest; sourceTree = BUILT_PRODUCTS_DIR; };
		AC5A7371281B5C4D005A2A6A /* WeatherUITests.swift */ = {isa = PBXFileReference; lastKnownFileType = sourcecode.swift; path = WeatherUITests.swift; sourceTree = "<group>"; };
		AC5A7373281B5C4D005A2A6A /* WeatherUITestsLaunchTests.swift */ = {isa = PBXFileReference; lastKnownFileType = sourcecode.swift; path = WeatherUITestsLaunchTests.swift; sourceTree = "<group>"; };
		AC5A7380281B6845005A2A6A /* DataModels.swift */ = {isa = PBXFileReference; lastKnownFileType = sourcecode.swift; path = DataModels.swift; sourceTree = "<group>"; };
/* End PBXFileReference section */

/* Begin PBXFrameworksBuildPhase section */
		AC5A734A281B5C4C005A2A6A /* Frameworks */ = {
			isa = PBXFrameworksBuildPhase;
			buildActionMask = 2147483647;
			files = (
			);
			runOnlyForDeploymentPostprocessing = 0;
		};
		AC5A7360281B5C4D005A2A6A /* Frameworks */ = {
			isa = PBXFrameworksBuildPhase;
			buildActionMask = 2147483647;
			files = (
			);
			runOnlyForDeploymentPostprocessing = 0;
		};
		AC5A736A281B5C4D005A2A6A /* Frameworks */ = {
			isa = PBXFrameworksBuildPhase;
			buildActionMask = 2147483647;
			files = (
			);
			runOnlyForDeploymentPostprocessing = 0;
		};
/* End PBXFrameworksBuildPhase section */

/* Begin PBXGroup section */
		AC5A7344281B5C4C005A2A6A = {
			isa = PBXGroup;
			children = (
				AC5A734F281B5C4C005A2A6A /* Weather */,
				AC5A7366281B5C4D005A2A6A /* WeatherTests */,
				AC5A7370281B5C4D005A2A6A /* WeatherUITests */,
				AC5A734E281B5C4C005A2A6A /* Products */,
			);
			sourceTree = "<group>";
		};
		AC5A734E281B5C4C005A2A6A /* Products */ = {
			isa = PBXGroup;
			children = (
				AC5A734D281B5C4C005A2A6A /* Weather.app */,
				AC5A7363281B5C4D005A2A6A /* WeatherTests.xctest */,
				AC5A736D281B5C4D005A2A6A /* WeatherUITests.xctest */,
			);
			name = Products;
			sourceTree = "<group>";
		};
		AC5A734F281B5C4C005A2A6A /* Weather */ = {
			isa = PBXGroup;
			children = (
				AC5A7350281B5C4C005A2A6A /* AppDelegate.swift */,
				AC5A7352281B5C4C005A2A6A /* SceneDelegate.swift */,
				AC5A7354281B5C4C005A2A6A /* ViewController.swift */,
				AC5A7380281B6845005A2A6A /* DataModels.swift */,
				AC5A7356281B5C4C005A2A6A /* Main.storyboard */,
				AC5A7359281B5C4D005A2A6A /* Assets.xcassets */,
				AC53B4E52848AEED0021EEEC /* DataSource.swift */,
				AC5A735B281B5C4D005A2A6A /* LaunchScreen.storyboard */,
				AC5A735E281B5C4D005A2A6A /* Info.plist */,
			);
			path = Weather;
			sourceTree = "<group>";
		};
		AC5A7366281B5C4D005A2A6A /* WeatherTests */ = {
			isa = PBXGroup;
			children = (
				AC5A7367281B5C4D005A2A6A /* WeatherTests.swift */,
			);
			path = WeatherTests;
			sourceTree = "<group>";
		};
		AC5A7370281B5C4D005A2A6A /* WeatherUITests */ = {
			isa = PBXGroup;
			children = (
				AC5A7371281B5C4D005A2A6A /* WeatherUITests.swift */,
				AC5A7373281B5C4D005A2A6A /* WeatherUITestsLaunchTests.swift */,
			);
			path = WeatherUITests;
			sourceTree = "<group>";
		};
/* End PBXGroup section */

/* Begin PBXNativeTarget section */
		AC5A734C281B5C4C005A2A6A /* Weather */ = {
			isa = PBXNativeTarget;
			buildConfigurationList = AC5A7377281B5C4D005A2A6A /* Build configuration list for PBXNativeTarget "Weather" */;
			buildPhases = (
				AC5A7349281B5C4C005A2A6A /* Sources */,
				AC5A734A281B5C4C005A2A6A /* Frameworks */,
				AC5A734B281B5C4C005A2A6A /* Resources */,
			);
			buildRules = (
			);
			dependencies = (
			);
			name = Weather;
			productName = Weather;
			productReference = AC5A734D281B5C4C005A2A6A /* Weather.app */;
			productType = "com.apple.product-type.application";
		};
		AC5A7362281B5C4D005A2A6A /* WeatherTests */ = {
			isa = PBXNativeTarget;
			buildConfigurationList = AC5A737A281B5C4D005A2A6A /* Build configuration list for PBXNativeTarget "WeatherTests" */;
			buildPhases = (
				AC5A735F281B5C4D005A2A6A /* Sources */,
				AC5A7360281B5C4D005A2A6A /* Frameworks */,
				AC5A7361281B5C4D005A2A6A /* Resources */,
			);
			buildRules = (
			);
			dependencies = (
				AC5A7365281B5C4D005A2A6A /* PBXTargetDependency */,
			);
			name = WeatherTests;
			productName = WeatherTests;
			productReference = AC5A7363281B5C4D005A2A6A /* WeatherTests.xctest */;
			productType = "com.apple.product-type.bundle.unit-test";
		};
		AC5A736C281B5C4D005A2A6A /* WeatherUITests */ = {
			isa = PBXNativeTarget;
			buildConfigurationList = AC5A737D281B5C4D005A2A6A /* Build configuration list for PBXNativeTarget "WeatherUITests" */;
			buildPhases = (
				AC5A7369281B5C4D005A2A6A /* Sources */,
				AC5A736A281B5C4D005A2A6A /* Frameworks */,
				AC5A736B281B5C4D005A2A6A /* Resources */,
			);
			buildRules = (
			);
			dependencies = (
				AC5A736F281B5C4D005A2A6A /* PBXTargetDependency */,
			);
			name = WeatherUITests;
			productName = WeatherUITests;
			productReference = AC5A736D281B5C4D005A2A6A /* WeatherUITests.xctest */;
			productType = "com.apple.product-type.bundle.ui-testing";
		};
/* End PBXNativeTarget section */

/* Begin PBXProject section */
		AC5A7345281B5C4C005A2A6A /* Project object */ = {
			isa = PBXProject;
			attributes = {
				BuildIndependentTargetsInParallel = 1;
				LastSwiftUpdateCheck = 1320;
				LastUpgradeCheck = 1320;
				TargetAttributes = {
					AC5A734C281B5C4C005A2A6A = {
						CreatedOnToolsVersion = 13.2.1;
					};
					AC5A7362281B5C4D005A2A6A = {
						CreatedOnToolsVersion = 13.2.1;
						TestTargetID = AC5A734C281B5C4C005A2A6A;
					};
					AC5A736C281B5C4D005A2A6A = {
						CreatedOnToolsVersion = 13.2.1;
						TestTargetID = AC5A734C281B5C4C005A2A6A;
					};
				};
			};
			buildConfigurationList = AC5A7348281B5C4C005A2A6A /* Build configuration list for PBXProject "Weather" */;
			compatibilityVersion = "Xcode 13.0";
			developmentRegion = en;
			hasScannedForEncodings = 0;
			knownRegions = (
				en,
				Base,
			);
			mainGroup = AC5A7344281B5C4C005A2A6A;
			productRefGroup = AC5A734E281B5C4C005A2A6A /* Products */;
			projectDirPath = "";
			projectRoot = "";
			targets = (
				AC5A734C281B5C4C005A2A6A /* Weather */,
				AC5A7362281B5C4D005A2A6A /* WeatherTests */,
				AC5A736C281B5C4D005A2A6A /* WeatherUITests */,
			);
		};
/* End PBXProject section */

/* Begin PBXResourcesBuildPhase section */
		AC5A734B281B5C4C005A2A6A /* Resources */ = {
			isa = PBXResourcesBuildPhase;
			buildActionMask = 2147483647;
			files = (
				AC5A735D281B5C4D005A2A6A /* LaunchScreen.storyboard in Resources */,
				AC5A735A281B5C4D005A2A6A /* Assets.xcassets in Resources */,
				AC5A7358281B5C4C005A2A6A /* Main.storyboard in Resources */,
			);
			runOnlyForDeploymentPostprocessing = 0;
		};
		AC5A7361281B5C4D005A2A6A /* Resources */ = {
			isa = PBXResourcesBuildPhase;
			buildActionMask = 2147483647;
			files = (
			);
			runOnlyForDeploymentPostprocessing = 0;
		};
		AC5A736B281B5C4D005A2A6A /* Resources */ = {
			isa = PBXResourcesBuildPhase;
			buildActionMask = 2147483647;
			files = (
			);
			runOnlyForDeploymentPostprocessing = 0;
		};
/* End PBXResourcesBuildPhase section */

/* Begin PBXSourcesBuildPhase section */
		AC5A7349281B5C4C005A2A6A /* Sources */ = {
			isa = PBXSourcesBuildPhase;
			buildActionMask = 2147483647;
			files = (
				AC5A7355281B5C4C005A2A6A /* ViewController.swift in Sources */,
				AC5A7381281B6845005A2A6A /* DataModels.swift in Sources */,
				AC5A7351281B5C4C005A2A6A /* AppDelegate.swift in Sources */,
				AC53B4E62848AEED0021EEEC /* DataSource.swift in Sources */,
				AC5A7353281B5C4C005A2A6A /* SceneDelegate.swift in Sources */,
			);
			runOnlyForDeploymentPostprocessing = 0;
		};
		AC5A735F281B5C4D005A2A6A /* Sources */ = {
			isa = PBXSourcesBuildPhase;
			buildActionMask = 2147483647;
			files = (
				AC5A7368281B5C4D005A2A6A /* WeatherTests.swift in Sources */,
			);
			runOnlyForDeploymentPostprocessing = 0;
		};
		AC5A7369281B5C4D005A2A6A /* Sources */ = {
			isa = PBXSourcesBuildPhase;
			buildActionMask = 2147483647;
			files = (
				AC5A7372281B5C4D005A2A6A /* WeatherUITests.swift in Sources */,
				AC5A7374281B5C4D005A2A6A /* WeatherUITestsLaunchTests.swift in Sources */,
			);
			runOnlyForDeploymentPostprocessing = 0;
		};
/* End PBXSourcesBuildPhase section */

/* Begin PBXTargetDependency section */
		AC5A7365281B5C4D005A2A6A /* PBXTargetDependency */ = {
			isa = PBXTargetDependency;
			target = AC5A734C281B5C4C005A2A6A /* Weather */;
			targetProxy = AC5A7364281B5C4D005A2A6A /* PBXContainerItemProxy */;
		};
		AC5A736F281B5C4D005A2A6A /* PBXTargetDependency */ = {
			isa = PBXTargetDependency;
			target = AC5A734C281B5C4C005A2A6A /* Weather */;
			targetProxy = AC5A736E281B5C4D005A2A6A /* PBXContainerItemProxy */;
		};
/* End PBXTargetDependency section */

/* Begin PBXVariantGroup section */
		AC5A7356281B5C4C005A2A6A /* Main.storyboard */ = {
			isa = PBXVariantGroup;
			children = (
				AC5A7357281B5C4C005A2A6A /* Base */,
			);
			name = Main.storyboard;
			sourceTree = "<group>";
		};
		AC5A735B281B5C4D005A2A6A /* LaunchScreen.storyboard */ = {
			isa = PBXVariantGroup;
			children = (
				AC5A735C281B5C4D005A2A6A /* Base */,
			);
			name = LaunchScreen.storyboard;
			sourceTree = "<group>";
		};
/* End PBXVariantGroup section */

/* Begin XCBuildConfiguration section */
		AC5A7375281B5C4D005A2A6A /* Debug */ = {
			isa = XCBuildConfiguration;
			buildSettings = {
				ALWAYS_SEARCH_USER_PATHS = NO;
				CLANG_ANALYZER_NONNULL = YES;
				CLANG_ANALYZER_NUMBER_OBJECT_CONVERSION = YES_AGGRESSIVE;
				CLANG_CXX_LANGUAGE_STANDARD = "gnu++17";
				CLANG_CXX_LIBRARY = "libc++";
				CLANG_ENABLE_MODULES = YES;
				CLANG_ENABLE_OBJC_ARC = YES;
				CLANG_ENABLE_OBJC_WEAK = YES;
				CLANG_WARN_BLOCK_CAPTURE_AUTORELEASING = YES;
				CLANG_WARN_BOOL_CONVERSION = YES;
				CLANG_WARN_COMMA = YES;
				CLANG_WARN_CONSTANT_CONVERSION = YES;
				CLANG_WARN_DEPRECATED_OBJC_IMPLEMENTATIONS = YES;
				CLANG_WARN_DIRECT_OBJC_ISA_USAGE = YES_ERROR;
				CLANG_WARN_DOCUMENTATION_COMMENTS = YES;
				CLANG_WARN_EMPTY_BODY = YES;
				CLANG_WARN_ENUM_CONVERSION = YES;
				CLANG_WARN_INFINITE_RECURSION = YES;
				CLANG_WARN_INT_CONVERSION = YES;
				CLANG_WARN_NON_LITERAL_NULL_CONVERSION = YES;
				CLANG_WARN_OBJC_IMPLICIT_RETAIN_SELF = YES;
				CLANG_WARN_OBJC_LITERAL_CONVERSION = YES;
				CLANG_WARN_OBJC_ROOT_CLASS = YES_ERROR;
				CLANG_WARN_QUOTED_INCLUDE_IN_FRAMEWORK_HEADER = YES;
				CLANG_WARN_RANGE_LOOP_ANALYSIS = YES;
				CLANG_WARN_STRICT_PROTOTYPES = YES;
				CLANG_WARN_SUSPICIOUS_MOVE = YES;
				CLANG_WARN_UNGUARDED_AVAILABILITY = YES_AGGRESSIVE;
				CLANG_WARN_UNREACHABLE_CODE = YES;
				CLANG_WARN__DUPLICATE_METHOD_MATCH = YES;
				COPY_PHASE_STRIP = NO;
				DEBUG_INFORMATION_FORMAT = dwarf;
				ENABLE_STRICT_OBJC_MSGSEND = YES;
				ENABLE_TESTABILITY = YES;
				GCC_C_LANGUAGE_STANDARD = gnu11;
				GCC_DYNAMIC_NO_PIC = NO;
				GCC_NO_COMMON_BLOCKS = YES;
				GCC_OPTIMIZATION_LEVEL = 0;
				GCC_PREPROCESSOR_DEFINITIONS = (
					"DEBUG=1",
					"$(inherited)",
				);
				GCC_WARN_64_TO_32_BIT_CONVERSION = YES;
				GCC_WARN_ABOUT_RETURN_TYPE = YES_ERROR;
				GCC_WARN_UNDECLARED_SELECTOR = YES;
				GCC_WARN_UNINITIALIZED_AUTOS = YES_AGGRESSIVE;
				GCC_WARN_UNUSED_FUNCTION = YES;
				GCC_WARN_UNUSED_VARIABLE = YES;
				IPHONEOS_DEPLOYMENT_TARGET = 15.2;
				MTL_ENABLE_DEBUG_INFO = INCLUDE_SOURCE;
				MTL_FAST_MATH = YES;
				ONLY_ACTIVE_ARCH = YES;
				SDKROOT = iphoneos;
				SWIFT_ACTIVE_COMPILATION_CONDITIONS = DEBUG;
				SWIFT_OPTIMIZATION_LEVEL = "-Onone";
			};
			name = Debug;
		};
		AC5A7376281B5C4D005A2A6A /* Release */ = {
			isa = XCBuildConfiguration;
			buildSettings = {
				ALWAYS_SEARCH_USER_PATHS = NO;
				CLANG_ANALYZER_NONNULL = YES;
				CLANG_ANALYZER_NUMBER_OBJECT_CONVERSION = YES_AGGRESSIVE;
				CLANG_CXX_LANGUAGE_STANDARD = "gnu++17";
				CLANG_CXX_LIBRARY = "libc++";
				CLANG_ENABLE_MODULES = YES;
				CLANG_ENABLE_OBJC_ARC = YES;
				CLANG_ENABLE_OBJC_WEAK = YES;
				CLANG_WARN_BLOCK_CAPTURE_AUTORELEASING = YES;
				CLANG_WARN_BOOL_CONVERSION = YES;
				CLANG_WARN_COMMA = YES;
				CLANG_WARN_CONSTANT_CONVERSION = YES;
				CLANG_WARN_DEPRECATED_OBJC_IMPLEMENTATIONS = YES;
				CLANG_WARN_DIRECT_OBJC_ISA_USAGE = YES_ERROR;
				CLANG_WARN_DOCUMENTATION_COMMENTS = YES;
				CLANG_WARN_EMPTY_BODY = YES;
				CLANG_WARN_ENUM_CONVERSION = YES;
				CLANG_WARN_INFINITE_RECURSION = YES;
				CLANG_WARN_INT_CONVERSION = YES;
				CLANG_WARN_NON_LITERAL_NULL_CONVERSION = YES;
				CLANG_WARN_OBJC_IMPLICIT_RETAIN_SELF = YES;
				CLANG_WARN_OBJC_LITERAL_CONVERSION = YES;
				CLANG_WARN_OBJC_ROOT_CLASS = YES_ERROR;
				CLANG_WARN_QUOTED_INCLUDE_IN_FRAMEWORK_HEADER = YES;
				CLANG_WARN_RANGE_LOOP_ANALYSIS = YES;
				CLANG_WARN_STRICT_PROTOTYPES = YES;
				CLANG_WARN_SUSPICIOUS_MOVE = YES;
				CLANG_WARN_UNGUARDED_AVAILABILITY = YES_AGGRESSIVE;
				CLANG_WARN_UNREACHABLE_CODE = YES;
				CLANG_WARN__DUPLICATE_METHOD_MATCH = YES;
				COPY_PHASE_STRIP = NO;
				DEBUG_INFORMATION_FORMAT = "dwarf-with-dsym";
				ENABLE_NS_ASSERTIONS = NO;
				ENABLE_STRICT_OBJC_MSGSEND = YES;
				GCC_C_LANGUAGE_STANDARD = gnu11;
				GCC_NO_COMMON_BLOCKS = YES;
				GCC_WARN_64_TO_32_BIT_CONVERSION = YES;
				GCC_WARN_ABOUT_RETURN_TYPE = YES_ERROR;
				GCC_WARN_UNDECLARED_SELECTOR = YES;
				GCC_WARN_UNINITIALIZED_AUTOS = YES_AGGRESSIVE;
				GCC_WARN_UNUSED_FUNCTION = YES;
				GCC_WARN_UNUSED_VARIABLE = YES;
				IPHONEOS_DEPLOYMENT_TARGET = 15.2;
				MTL_ENABLE_DEBUG_INFO = NO;
				MTL_FAST_MATH = YES;
				SDKROOT = iphoneos;
				SWIFT_COMPILATION_MODE = wholemodule;
				SWIFT_OPTIMIZATION_LEVEL = "-O";
				VALIDATE_PRODUCT = YES;
			};
			name = Release;
		};
		AC5A7378281B5C4D005A2A6A /* Debug */ = {
			isa = XCBuildConfiguration;
			buildSettings = {
				ASSETCATALOG_COMPILER_APPICON_NAME = AppIcon;
				ASSETCATALOG_COMPILER_GLOBAL_ACCENT_COLOR_NAME = AccentColor;
				CODE_SIGN_STYLE = Automatic;
				CURRENT_PROJECT_VERSION = 1;
				GENERATE_INFOPLIST_FILE = YES;
				INFOPLIST_FILE = Weather/Info.plist;
				INFOPLIST_KEY_UIApplicationSupportsIndirectInputEvents = YES;
				INFOPLIST_KEY_UILaunchStoryboardName = LaunchScreen;
				INFOPLIST_KEY_UIMainStoryboardFile = Main;
				INFOPLIST_KEY_UISupportedInterfaceOrientations_iPad = "UIInterfaceOrientationPortrait UIInterfaceOrientationPortraitUpsideDown UIInterfaceOrientationLandscapeLeft UIInterfaceOrientationLandscapeRight";
				INFOPLIST_KEY_UISupportedInterfaceOrientations_iPhone = "UIInterfaceOrientationPortrait UIInterfaceOrientationLandscapeLeft UIInterfaceOrientationLandscapeRight";
				IPHONEOS_DEPLOYMENT_TARGET = 13.0;
				LD_RUNPATH_SEARCH_PATHS = (
					"$(inherited)",
					"@executable_path/Frameworks",
				);
				MARKETING_VERSION = 1.0;
				PRODUCT_BUNDLE_IDENTIFIER = yakse.Weather;
				PRODUCT_NAME = "$(TARGET_NAME)";
				SWIFT_EMIT_LOC_STRINGS = YES;
				SWIFT_VERSION = 5.0;
				TARGETED_DEVICE_FAMILY = 1;
			};
			name = Debug;
		};
		AC5A7379281B5C4D005A2A6A /* Release */ = {
			isa = XCBuildConfiguration;
			buildSettings = {
				ASSETCATALOG_COMPILER_APPICON_NAME = AppIcon;
				ASSETCATALOG_COMPILER_GLOBAL_ACCENT_COLOR_NAME = AccentColor;
				CODE_SIGN_STYLE = Automatic;
				CURRENT_PROJECT_VERSION = 1;
				GENERATE_INFOPLIST_FILE = YES;
				INFOPLIST_FILE = Weather/Info.plist;
				INFOPLIST_KEY_UIApplicationSupportsIndirectInputEvents = YES;
				INFOPLIST_KEY_UILaunchStoryboardName = LaunchScreen;
				INFOPLIST_KEY_UIMainStoryboardFile = Main;
				INFOPLIST_KEY_UISupportedInterfaceOrientations_iPad = "UIInterfaceOrientationPortrait UIInterfaceOrientationPortraitUpsideDown UIInterfaceOrientationLandscapeLeft UIInterfaceOrientationLandscapeRight";
				INFOPLIST_KEY_UISupportedInterfaceOrientations_iPhone = "UIInterfaceOrientationPortrait UIInterfaceOrientationLandscapeLeft UIInterfaceOrientationLandscapeRight";
				IPHONEOS_DEPLOYMENT_TARGET = 13.0;
				LD_RUNPATH_SEARCH_PATHS = (
					"$(inherited)",
					"@executable_path/Frameworks",
				);
				MARKETING_VERSION = 1.0;
				PRODUCT_BUNDLE_IDENTIFIER = yakse.Weather;
				PRODUCT_NAME = "$(TARGET_NAME)";
				SWIFT_EMIT_LOC_STRINGS = YES;
				SWIFT_VERSION = 5.0;
				TARGETED_DEVICE_FAMILY = 1;
			};
			name = Release;
		};
		AC5A737B281B5C4D005A2A6A /* Debug */ = {
			isa = XCBuildConfiguration;
			buildSettings = {
				ALWAYS_EMBED_SWIFT_STANDARD_LIBRARIES = YES;
				BUNDLE_LOADER = "$(TEST_HOST)";
				CODE_SIGN_STYLE = Automatic;
				CURRENT_PROJECT_VERSION = 1;
				GENERATE_INFOPLIST_FILE = YES;
				IPHONEOS_DEPLOYMENT_TARGET = 15.2;
				MARKETING_VERSION = 1.0;
				PRODUCT_BUNDLE_IDENTIFIER = yakse.WeatherTests;
				PRODUCT_NAME = "$(TARGET_NAME)";
				SWIFT_EMIT_LOC_STRINGS = NO;
				SWIFT_VERSION = 5.0;
				TARGETED_DEVICE_FAMILY = "1,2";
				TEST_HOST = "$(BUILT_PRODUCTS_DIR)/Weather.app/Weather";
			};
			name = Debug;
		};
		AC5A737C281B5C4D005A2A6A /* Release */ = {
			isa = XCBuildConfiguration;
			buildSettings = {
				ALWAYS_EMBED_SWIFT_STANDARD_LIBRARIES = YES;
				BUNDLE_LOADER = "$(TEST_HOST)";
				CODE_SIGN_STYLE = Automatic;
				CURRENT_PROJECT_VERSION = 1;
				GENERATE_INFOPLIST_FILE = YES;
				IPHONEOS_DEPLOYMENT_TARGET = 15.2;
				MARKETING_VERSION = 1.0;
				PRODUCT_BUNDLE_IDENTIFIER = yakse.WeatherTests;
				PRODUCT_NAME = "$(TARGET_NAME)";
				SWIFT_EMIT_LOC_STRINGS = NO;
				SWIFT_VERSION = 5.0;
				TARGETED_DEVICE_FAMILY = "1,2";
				TEST_HOST = "$(BUILT_PRODUCTS_DIR)/Weather.app/Weather";
			};
			name = Release;
		};
		AC5A737E281B5C4D005A2A6A /* Debug */ = {
			isa = XCBuildConfiguration;
			buildSettings = {
				ALWAYS_EMBED_SWIFT_STANDARD_LIBRARIES = YES;
				CODE_SIGN_STYLE = Automatic;
				CURRENT_PROJECT_VERSION = 1;
				GENERATE_INFOPLIST_FILE = YES;
				MARKETING_VERSION = 1.0;
				PRODUCT_BUNDLE_IDENTIFIER = yakse.WeatherUITests;
				PRODUCT_NAME = "$(TARGET_NAME)";
				SWIFT_EMIT_LOC_STRINGS = NO;
				SWIFT_VERSION = 5.0;
				TARGETED_DEVICE_FAMILY = "1,2";
				TEST_TARGET_NAME = Weather;
			};
			name = Debug;
		};
		AC5A737F281B5C4D005A2A6A /* Release */ = {
			isa = XCBuildConfiguration;
			buildSettings = {
				ALWAYS_EMBED_SWIFT_STANDARD_LIBRARIES = YES;
				CODE_SIGN_STYLE = Automatic;
				CURRENT_PROJECT_VERSION = 1;
				GENERATE_INFOPLIST_FILE = YES;
				MARKETING_VERSION = 1.0;
				PRODUCT_BUNDLE_IDENTIFIER = yakse.WeatherUITests;
				PRODUCT_NAME = "$(TARGET_NAME)";
				SWIFT_EMIT_LOC_STRINGS = NO;
				SWIFT_VERSION = 5.0;
				TARGETED_DEVICE_FAMILY = "1,2";
				TEST_TARGET_NAME = Weather;
			};
			name = Release;
		};
/* End XCBuildConfiguration section */

/* Begin XCConfigurationList section */
		AC5A7348281B5C4C005A2A6A /* Build configuration list for PBXProject "Weather" */ = {
			isa = XCConfigurationList;
			buildConfigurations = (
				AC5A7375281B5C4D005A2A6A /* Debug */,
				AC5A7376281B5C4D005A2A6A /* Release */,
			);
			defaultConfigurationIsVisible = 0;
			defaultConfigurationName = Release;
		};
		AC5A7377281B5C4D005A2A6A /* Build configuration list for PBXNativeTarget "Weather" */ = {
			isa = XCConfigurationList;
			buildConfigurations = (
				AC5A7378281B5C4D005A2A6A /* Debug */,
				AC5A7379281B5C4D005A2A6A /* Release */,
			);
			defaultConfigurationIsVisible = 0;
			defaultConfigurationName = Release;
		};
		AC5A737A281B5C4D005A2A6A /* Build configuration list for PBXNativeTarget "WeatherTests" */ = {
			isa = XCConfigurationList;
			buildConfigurations = (
				AC5A737B281B5C4D005A2A6A /* Debug */,
				AC5A737C281B5C4D005A2A6A /* Release */,
			);
			defaultConfigurationIsVisible = 0;
			defaultConfigurationName = Release;
		};
		AC5A737D281B5C4D005A2A6A /* Build configuration list for PBXNativeTarget "WeatherUITests" */ = {
			isa = XCConfigurationList;
			buildConfigurations = (
				AC5A737E281B5C4D005A2A6A /* Debug */,
				AC5A737F281B5C4D005A2A6A /* Release */,
			);
			defaultConfigurationIsVisible = 0;
			defaultConfigurationName = Release;
		};
/* End XCConfigurationList section */
	};
	rootObject = AC5A7345281B5C4C005A2A6A /* Project object */;
}
